
Microsoft Visual Studio Solution File, Format Version 12.00
# Visual Studio Version 17
VisualStudioVersion = 17.5.33627.172
MinimumVisualStudioVersion = 10.0.40219.1
Project("{8BC9CEB8-8B4A-11D0-8D11-00A0C91BC942}") = "0.A", "0.A\0.A.vcxproj", "{52B60D36-E887-4004-B835-446297C0276B}"
EndProject
Project("{8BC9CEB8-8B4A-11D0-8D11-00A0C91BC942}") = "0.B", "0.B\0.B.vcxproj", "{0FC95EFC-CD8D-436E-A896-C6036E7DF77A}"
EndProject
Project("{8BC9CEB8-8B4A-11D0-8D11-00A0C91BC942}") = "0.C", "0.C\0.C.vcxproj", "{98EB5F69-092A-40D4-9D88-469056C9B586}"
EndProject
Project("{8BC9CEB8-8B4A-11D0-8D11-00A0C91BC942}") = "0.D", "0.D\0.D.vcxproj", "{2F996785-FEC2-41E4-9D4F-4CA6837BAB79}"
EndProject
Project("{8BC9CEB8-8B4A-11D0-8D11-00A0C91BC942}") = "0.E", "0.E\0.E.vcxproj", "{FDA518BF-9F8A-4A22-89CF-41F5146DA9CE}"
EndProject
Project("{8BC9CEB8-8B4A-11D0-8D11-00A0C91BC942}") = "0.F", "0.F\0.F.vcxproj", "{6397FA26-8E9E-4BEE-8480-71F6FA446E27}"
EndProject
Project("{8BC9CEB8-8B4A-11D0-8D11-00A0C91BC942}") = "0.G", "0.G\0.G.vcxproj", "{FBB0C11E-B782-4932-958C-E5011E1D2FD8}"
EndProject
Project("{8BC9CEB8-8B4A-11D0-8D11-00A0C91BC942}") = "0.H", "0.H\0.H.vcxproj", "{6E4968C4-38E8-4E32-87F7-ADD58AAAEA1A}"
EndProject
Project("{8BC9CEB8-8B4A-11D0-8D11-00A0C91BC942}") = "0.I", "0.I\0.I.vcxproj", "{F17D94A2-76DC-46DB-A24F-D7C17E64818F}"
EndProject
Project("{8BC9CEB8-8B4A-11D0-8D11-00A0C91BC942}") = "0.J", "0.J\0.J.vcxproj", "{048741C6-BAEF-4CD9-A27F-77F9F7EE8C32}"
EndProject
Project("{2150E333-8FDC-42A3-9474-1A3956D46DE8}") = "0", "0", "{B187462F-1708-414A-917D-8BCD37A006E0}"
EndProject
Project("{2150E333-8FDC-42A3-9474-1A3956D46DE8}") = "1", "1", "{92548776-A204-47F1-94A0-E91354A7F2E3}"
EndProject
Project("{8BC9CEB8-8B4A-11D0-8D11-00A0C91BC942}") = "1.A", "1.A\1.A.vcxproj", "{4D898129-C188-42CC-A407-E4BB0591BF97}"
EndProject
Project("{8BC9CEB8-8B4A-11D0-8D11-00A0C91BC942}") = "1.B", "1.B\1.B.vcxproj", "{298CBE6F-0831-402F-B34A-99B1A3018722}"
EndProject
Project("{8BC9CEB8-8B4A-11D0-8D11-00A0C91BC942}") = "1.C", "1.C\1.C.vcxproj", "{5A8BCD2A-9A84-47CF-80CD-B0A6F10C7CDA}"
EndProject
Project("{8BC9CEB8-8B4A-11D0-8D11-00A0C91BC942}") = "1.D", "1.D\1.D.vcxproj", "{CFB32BC5-78AE-4EFE-AF93-0BE75DA3D165}"
EndProject
Project("{8BC9CEB8-8B4A-11D0-8D11-00A0C91BC942}") = "1.E", "1.E\1.E.vcxproj", "{2BB62FD2-17D6-49E4-83BE-B73D9FEBFB3B}"
EndProject
Project("{2150E333-8FDC-42A3-9474-1A3956D46DE8}") = "2", "2", "{D9DCA0D5-218E-4930-B7F0-ECC787E0CAF3}"
EndProject
Project("{8BC9CEB8-8B4A-11D0-8D11-00A0C91BC942}") = "2.A", "2.A\2.A.vcxproj", "{2577E199-74FF-4A02-B025-9DB6866CE631}"
EndProject
Project("{8BC9CEB8-8B4A-11D0-8D11-00A0C91BC942}") = "2.B", "2.B\2.B.vcxproj", "{BA1D21B6-4FE7-4D9D-8B45-913C4B706EA3}"
EndProject
Global
	GlobalSection(SolutionConfigurationPlatforms) = preSolution
		Debug|x64 = Debug|x64
		Debug|x86 = Debug|x86
		Release|x64 = Release|x64
		Release|x86 = Release|x86
	EndGlobalSection
	GlobalSection(ProjectConfigurationPlatforms) = postSolution
		{52B60D36-E887-4004-B835-446297C0276B}.Debug|x64.ActiveCfg = Debug|x64
		{52B60D36-E887-4004-B835-446297C0276B}.Debug|x64.Build.0 = Debug|x64
		{52B60D36-E887-4004-B835-446297C0276B}.Debug|x86.ActiveCfg = Debug|Win32
		{52B60D36-E887-4004-B835-446297C0276B}.Debug|x86.Build.0 = Debug|Win32
		{52B60D36-E887-4004-B835-446297C0276B}.Release|x64.ActiveCfg = Release|x64
		{52B60D36-E887-4004-B835-446297C0276B}.Release|x64.Build.0 = Release|x64
		{52B60D36-E887-4004-B835-446297C0276B}.Release|x86.ActiveCfg = Release|Win32
		{52B60D36-E887-4004-B835-446297C0276B}.Release|x86.Build.0 = Release|Win32
		{0FC95EFC-CD8D-436E-A896-C6036E7DF77A}.Debug|x64.ActiveCfg = Debug|x64
		{0FC95EFC-CD8D-436E-A896-C6036E7DF77A}.Debug|x64.Build.0 = Debug|x64
		{0FC95EFC-CD8D-436E-A896-C6036E7DF77A}.Debug|x86.ActiveCfg = Debug|Win32
		{0FC95EFC-CD8D-436E-A896-C6036E7DF77A}.Debug|x86.Build.0 = Debug|Win32
		{0FC95EFC-CD8D-436E-A896-C6036E7DF77A}.Release|x64.ActiveCfg = Release|x64
		{0FC95EFC-CD8D-436E-A896-C6036E7DF77A}.Release|x64.Build.0 = Release|x64
		{0FC95EFC-CD8D-436E-A896-C6036E7DF77A}.Release|x86.ActiveCfg = Release|Win32
		{0FC95EFC-CD8D-436E-A896-C6036E7DF77A}.Release|x86.Build.0 = Release|Win32
		{98EB5F69-092A-40D4-9D88-469056C9B586}.Debug|x64.ActiveCfg = Debug|x64
		{98EB5F69-092A-40D4-9D88-469056C9B586}.Debug|x64.Build.0 = Debug|x64
		{98EB5F69-092A-40D4-9D88-469056C9B586}.Debug|x86.ActiveCfg = Debug|Win32
		{98EB5F69-092A-40D4-9D88-469056C9B586}.Debug|x86.Build.0 = Debug|Win32
		{98EB5F69-092A-40D4-9D88-469056C9B586}.Release|x64.ActiveCfg = Release|x64
		{98EB5F69-092A-40D4-9D88-469056C9B586}.Release|x64.Build.0 = Release|x64
		{98EB5F69-092A-40D4-9D88-469056C9B586}.Release|x86.ActiveCfg = Release|Win32
		{98EB5F69-092A-40D4-9D88-469056C9B586}.Release|x86.Build.0 = Release|Win32
		{2F996785-FEC2-41E4-9D4F-4CA6837BAB79}.Debug|x64.ActiveCfg = Debug|x64
		{2F996785-FEC2-41E4-9D4F-4CA6837BAB79}.Debug|x64.Build.0 = Debug|x64
		{2F996785-FEC2-41E4-9D4F-4CA6837BAB79}.Debug|x86.ActiveCfg = Debug|Win32
		{2F996785-FEC2-41E4-9D4F-4CA6837BAB79}.Debug|x86.Build.0 = Debug|Win32
		{2F996785-FEC2-41E4-9D4F-4CA6837BAB79}.Release|x64.ActiveCfg = Release|x64
		{2F996785-FEC2-41E4-9D4F-4CA6837BAB79}.Release|x64.Build.0 = Release|x64
		{2F996785-FEC2-41E4-9D4F-4CA6837BAB79}.Release|x86.ActiveCfg = Release|Win32
		{2F996785-FEC2-41E4-9D4F-4CA6837BAB79}.Release|x86.Build.0 = Release|Win32
		{FDA518BF-9F8A-4A22-89CF-41F5146DA9CE}.Debug|x64.ActiveCfg = Debug|x64
		{FDA518BF-9F8A-4A22-89CF-41F5146DA9CE}.Debug|x64.Build.0 = Debug|x64
		{FDA518BF-9F8A-4A22-89CF-41F5146DA9CE}.Debug|x86.ActiveCfg = Debug|Win32
		{FDA518BF-9F8A-4A22-89CF-41F5146DA9CE}.Debug|x86.Build.0 = Debug|Win32
		{FDA518BF-9F8A-4A22-89CF-41F5146DA9CE}.Release|x64.ActiveCfg = Release|x64
		{FDA518BF-9F8A-4A22-89CF-41F5146DA9CE}.Release|x64.Build.0 = Release|x64
		{FDA518BF-9F8A-4A22-89CF-41F5146DA9CE}.Release|x86.ActiveCfg = Release|Win32
		{FDA518BF-9F8A-4A22-89CF-41F5146DA9CE}.Release|x86.Build.0 = Release|Win32
		{6397FA26-8E9E-4BEE-8480-71F6FA446E27}.Debug|x64.ActiveCfg = Debug|x64
		{6397FA26-8E9E-4BEE-8480-71F6FA446E27}.Debug|x64.Build.0 = Debug|x64
		{6397FA26-8E9E-4BEE-8480-71F6FA446E27}.Debug|x86.ActiveCfg = Debug|Win32
		{6397FA26-8E9E-4BEE-8480-71F6FA446E27}.Debug|x86.Build.0 = Debug|Win32
		{6397FA26-8E9E-4BEE-8480-71F6FA446E27}.Release|x64.ActiveCfg = Release|x64
		{6397FA26-8E9E-4BEE-8480-71F6FA446E27}.Release|x64.Build.0 = Release|x64
		{6397FA26-8E9E-4BEE-8480-71F6FA446E27}.Release|x86.ActiveCfg = Release|Win32
		{6397FA26-8E9E-4BEE-8480-71F6FA446E27}.Release|x86.Build.0 = Release|Win32
		{FBB0C11E-B782-4932-958C-E5011E1D2FD8}.Debug|x64.ActiveCfg = Debug|x64
		{FBB0C11E-B782-4932-958C-E5011E1D2FD8}.Debug|x64.Build.0 = Debug|x64
		{FBB0C11E-B782-4932-958C-E5011E1D2FD8}.Debug|x86.ActiveCfg = Debug|Win32
		{FBB0C11E-B782-4932-958C-E5011E1D2FD8}.Debug|x86.Build.0 = Debug|Win32
		{FBB0C11E-B782-4932-958C-E5011E1D2FD8}.Release|x64.ActiveCfg = Release|x64
		{FBB0C11E-B782-4932-958C-E5011E1D2FD8}.Release|x64.Build.0 = Release|x64
		{FBB0C11E-B782-4932-958C-E5011E1D2FD8}.Release|x86.ActiveCfg = Release|Win32
		{FBB0C11E-B782-4932-958C-E5011E1D2FD8}.Release|x86.Build.0 = Release|Win32
		{6E4968C4-38E8-4E32-87F7-ADD58AAAEA1A}.Debug|x64.ActiveCfg = Debug|x64
		{6E4968C4-38E8-4E32-87F7-ADD58AAAEA1A}.Debug|x64.Build.0 = Debug|x64
		{6E4968C4-38E8-4E32-87F7-ADD58AAAEA1A}.Debug|x86.ActiveCfg = Debug|Win32
		{6E4968C4-38E8-4E32-87F7-ADD58AAAEA1A}.Debug|x86.Build.0 = Debug|Win32
		{6E4968C4-38E8-4E32-87F7-ADD58AAAEA1A}.Release|x64.ActiveCfg = Release|x64
		{6E4968C4-38E8-4E32-87F7-ADD58AAAEA1A}.Release|x64.Build.0 = Release|x64
		{6E4968C4-38E8-4E32-87F7-ADD58AAAEA1A}.Release|x86.ActiveCfg = Release|Win32
		{6E4968C4-38E8-4E32-87F7-ADD58AAAEA1A}.Release|x86.Build.0 = Release|Win32
		{F17D94A2-76DC-46DB-A24F-D7C17E64818F}.Debug|x64.ActiveCfg = Debug|x64
		{F17D94A2-76DC-46DB-A24F-D7C17E64818F}.Debug|x64.Build.0 = Debug|x64
		{F17D94A2-76DC-46DB-A24F-D7C17E64818F}.Debug|x86.ActiveCfg = Debug|Win32
		{F17D94A2-76DC-46DB-A24F-D7C17E64818F}.Debug|x86.Build.0 = Debug|Win32
		{F17D94A2-76DC-46DB-A24F-D7C17E64818F}.Release|x64.ActiveCfg = Release|x64
		{F17D94A2-76DC-46DB-A24F-D7C17E64818F}.Release|x64.Build.0 = Release|x64
		{F17D94A2-76DC-46DB-A24F-D7C17E64818F}.Release|x86.ActiveCfg = Release|Win32
		{F17D94A2-76DC-46DB-A24F-D7C17E64818F}.Release|x86.Build.0 = Release|Win32
		{048741C6-BAEF-4CD9-A27F-77F9F7EE8C32}.Debug|x64.ActiveCfg = Debug|x64
		{048741C6-BAEF-4CD9-A27F-77F9F7EE8C32}.Debug|x64.Build.0 = Debug|x64
		{048741C6-BAEF-4CD9-A27F-77F9F7EE8C32}.Debug|x86.ActiveCfg = Debug|Win32
		{048741C6-BAEF-4CD9-A27F-77F9F7EE8C32}.Debug|x86.Build.0 = Debug|Win32
		{048741C6-BAEF-4CD9-A27F-77F9F7EE8C32}.Release|x64.ActiveCfg = Release|x64
		{048741C6-BAEF-4CD9-A27F-77F9F7EE8C32}.Release|x64.Build.0 = Release|x64
		{048741C6-BAEF-4CD9-A27F-77F9F7EE8C32}.Release|x86.ActiveCfg = Release|Win32
		{048741C6-BAEF-4CD9-A27F-77F9F7EE8C32}.Release|x86.Build.0 = Release|Win32
		{4D898129-C188-42CC-A407-E4BB0591BF97}.Debug|x64.ActiveCfg = Debug|x64
		{4D898129-C188-42CC-A407-E4BB0591BF97}.Debug|x64.Build.0 = Debug|x64
		{4D898129-C188-42CC-A407-E4BB0591BF97}.Debug|x86.ActiveCfg = Debug|Win32
		{4D898129-C188-42CC-A407-E4BB0591BF97}.Debug|x86.Build.0 = Debug|Win32
		{4D898129-C188-42CC-A407-E4BB0591BF97}.Release|x64.ActiveCfg = Release|x64
		{4D898129-C188-42CC-A407-E4BB0591BF97}.Release|x64.Build.0 = Release|x64
		{4D898129-C188-42CC-A407-E4BB0591BF97}.Release|x86.ActiveCfg = Release|Win32
		{4D898129-C188-42CC-A407-E4BB0591BF97}.Release|x86.Build.0 = Release|Win32
		{298CBE6F-0831-402F-B34A-99B1A3018722}.Debug|x64.ActiveCfg = Debug|x64
		{298CBE6F-0831-402F-B34A-99B1A3018722}.Debug|x64.Build.0 = Debug|x64
		{298CBE6F-0831-402F-B34A-99B1A3018722}.Debug|x86.ActiveCfg = Debug|Win32
		{298CBE6F-0831-402F-B34A-99B1A3018722}.Debug|x86.Build.0 = Debug|Win32
		{298CBE6F-0831-402F-B34A-99B1A3018722}.Release|x64.ActiveCfg = Release|x64
		{298CBE6F-0831-402F-B34A-99B1A3018722}.Release|x64.Build.0 = Release|x64
		{298CBE6F-0831-402F-B34A-99B1A3018722}.Release|x86.ActiveCfg = Release|Win32
		{298CBE6F-0831-402F-B34A-99B1A3018722}.Release|x86.Build.0 = Release|Win32
		{5A8BCD2A-9A84-47CF-80CD-B0A6F10C7CDA}.Debug|x64.ActiveCfg = Debug|x64
		{5A8BCD2A-9A84-47CF-80CD-B0A6F10C7CDA}.Debug|x64.Build.0 = Debug|x64
		{5A8BCD2A-9A84-47CF-80CD-B0A6F10C7CDA}.Debug|x86.ActiveCfg = Debug|Win32
		{5A8BCD2A-9A84-47CF-80CD-B0A6F10C7CDA}.Debug|x86.Build.0 = Debug|Win32
		{5A8BCD2A-9A84-47CF-80CD-B0A6F10C7CDA}.Release|x64.ActiveCfg = Release|x64
		{5A8BCD2A-9A84-47CF-80CD-B0A6F10C7CDA}.Release|x64.Build.0 = Release|x64
		{5A8BCD2A-9A84-47CF-80CD-B0A6F10C7CDA}.Release|x86.ActiveCfg = Release|Win32
		{5A8BCD2A-9A84-47CF-80CD-B0A6F10C7CDA}.Release|x86.Build.0 = Release|Win32
		{CFB32BC5-78AE-4EFE-AF93-0BE75DA3D165}.Debug|x64.ActiveCfg = Debug|x64
		{CFB32BC5-78AE-4EFE-AF93-0BE75DA3D165}.Debug|x64.Build.0 = Debug|x64
		{CFB32BC5-78AE-4EFE-AF93-0BE75DA3D165}.Debug|x86.ActiveCfg = Debug|Win32
		{CFB32BC5-78AE-4EFE-AF93-0BE75DA3D165}.Debug|x86.Build.0 = Debug|Win32
		{CFB32BC5-78AE-4EFE-AF93-0BE75DA3D165}.Release|x64.ActiveCfg = Release|x64
		{CFB32BC5-78AE-4EFE-AF93-0BE75DA3D165}.Release|x64.Build.0 = Release|x64
		{CFB32BC5-78AE-4EFE-AF93-0BE75DA3D165}.Release|x86.ActiveCfg = Release|Win32
		{CFB32BC5-78AE-4EFE-AF93-0BE75DA3D165}.Release|x86.Build.0 = Release|Win32
		{2BB62FD2-17D6-49E4-83BE-B73D9FEBFB3B}.Debug|x64.ActiveCfg = Debug|x64
		{2BB62FD2-17D6-49E4-83BE-B73D9FEBFB3B}.Debug|x64.Build.0 = Debug|x64
		{2BB62FD2-17D6-49E4-83BE-B73D9FEBFB3B}.Debug|x86.ActiveCfg = Debug|Win32
		{2BB62FD2-17D6-49E4-83BE-B73D9FEBFB3B}.Debug|x86.Build.0 = Debug|Win32
		{2BB62FD2-17D6-49E4-83BE-B73D9FEBFB3B}.Release|x64.ActiveCfg = Release|x64
		{2BB62FD2-17D6-49E4-83BE-B73D9FEBFB3B}.Release|x64.Build.0 = Release|x64
		{2BB62FD2-17D6-49E4-83BE-B73D9FEBFB3B}.Release|x86.ActiveCfg = Release|Win32
		{2BB62FD2-17D6-49E4-83BE-B73D9FEBFB3B}.Release|x86.Build.0 = Release|Win32
		{2577E199-74FF-4A02-B025-9DB6866CE631}.Debug|x64.ActiveCfg = Debug|x64
		{2577E199-74FF-4A02-B025-9DB6866CE631}.Debug|x64.Build.0 = Debug|x64
		{2577E199-74FF-4A02-B025-9DB6866CE631}.Debug|x86.ActiveCfg = Debug|Win32
		{2577E199-74FF-4A02-B025-9DB6866CE631}.Debug|x86.Build.0 = Debug|Win32
		{2577E199-74FF-4A02-B025-9DB6866CE631}.Release|x64.ActiveCfg = Release|x64
		{2577E199-74FF-4A02-B025-9DB6866CE631}.Release|x64.Build.0 = Release|x64
		{2577E199-74FF-4A02-B025-9DB6866CE631}.Release|x86.ActiveCfg = Release|Win32
		{2577E199-74FF-4A02-B025-9DB6866CE631}.Release|x86.Build.0 = Release|Win32
		{BA1D21B6-4FE7-4D9D-8B45-913C4B706EA3}.Debug|x64.ActiveCfg = Debug|x64
		{BA1D21B6-4FE7-4D9D-8B45-913C4B706EA3}.Debug|x64.Build.0 = Debug|x64
		{BA1D21B6-4FE7-4D9D-8B45-913C4B706EA3}.Debug|x86.ActiveCfg = Debug|Win32
		{BA1D21B6-4FE7-4D9D-8B45-913C4B706EA3}.Debug|x86.Build.0 = Debug|Win32
		{BA1D21B6-4FE7-4D9D-8B45-913C4B706EA3}.Release|x64.ActiveCfg = Release|x64
		{BA1D21B6-4FE7-4D9D-8B45-913C4B706EA3}.Release|x64.Build.0 = Release|x64
		{BA1D21B6-4FE7-4D9D-8B45-913C4B706EA3}.Release|x86.ActiveCfg = Release|Win32
		{BA1D21B6-4FE7-4D9D-8B45-913C4B706EA3}.Release|x86.Build.0 = Release|Win32
	EndGlobalSection
	GlobalSection(SolutionProperties) = preSolution
		HideSolutionNode = FALSE
	EndGlobalSection
	GlobalSection(NestedProjects) = preSolution
		{52B60D36-E887-4004-B835-446297C0276B} = {B187462F-1708-414A-917D-8BCD37A006E0}
		{0FC95EFC-CD8D-436E-A896-C6036E7DF77A} = {B187462F-1708-414A-917D-8BCD37A006E0}
		{98EB5F69-092A-40D4-9D88-469056C9B586} = {B187462F-1708-414A-917D-8BCD37A006E0}
		{2F996785-FEC2-41E4-9D4F-4CA6837BAB79} = {B187462F-1708-414A-917D-8BCD37A006E0}
		{FDA518BF-9F8A-4A22-89CF-41F5146DA9CE} = {B187462F-1708-414A-917D-8BCD37A006E0}
		{6397FA26-8E9E-4BEE-8480-71F6FA446E27} = {B187462F-1708-414A-917D-8BCD37A006E0}
		{FBB0C11E-B782-4932-958C-E5011E1D2FD8} = {B187462F-1708-414A-917D-8BCD37A006E0}
		{6E4968C4-38E8-4E32-87F7-ADD58AAAEA1A} = {B187462F-1708-414A-917D-8BCD37A006E0}
		{F17D94A2-76DC-46DB-A24F-D7C17E64818F} = {B187462F-1708-414A-917D-8BCD37A006E0}
		{048741C6-BAEF-4CD9-A27F-77F9F7EE8C32} = {B187462F-1708-414A-917D-8BCD37A006E0}
		{4D898129-C188-42CC-A407-E4BB0591BF97} = {92548776-A204-47F1-94A0-E91354A7F2E3}
		{298CBE6F-0831-402F-B34A-99B1A3018722} = {92548776-A204-47F1-94A0-E91354A7F2E3}
		{5A8BCD2A-9A84-47CF-80CD-B0A6F10C7CDA} = {92548776-A204-47F1-94A0-E91354A7F2E3}
		{CFB32BC5-78AE-4EFE-AF93-0BE75DA3D165} = {92548776-A204-47F1-94A0-E91354A7F2E3}
		{2BB62FD2-17D6-49E4-83BE-B73D9FEBFB3B} = {92548776-A204-47F1-94A0-E91354A7F2E3}
		{2577E199-74FF-4A02-B025-9DB6866CE631} = {D9DCA0D5-218E-4930-B7F0-ECC787E0CAF3}
		{BA1D21B6-4FE7-4D9D-8B45-913C4B706EA3} = {D9DCA0D5-218E-4930-B7F0-ECC787E0CAF3}
	EndGlobalSection
	GlobalSection(ExtensibilityGlobals) = postSolution
		SolutionGuid = {CC96C1C0-2FFD-4DD3-A9C1-EC3D60735113}
	EndGlobalSection
EndGlobal
